
Microsoft Visual Studio Solution File, Format Version 12.00
# Visual Studio Version 16
VisualStudioVersion = 16.0.29613.14
MinimumVisualStudioVersion = 10.0.40219.1
Project("{2150E333-8FDC-42A3-9474-1A3956D46DE8}") = "1 - Api", "1 - Api", "{F0DC629E-3548-44B6-8E87-AE4131189DBD}"
EndProject
Project("{2150E333-8FDC-42A3-9474-1A3956D46DE8}") = "2 - Application", "2 - Application", "{16C43960-C0E2-449C-A389-13D0377D953C}"
EndProject
Project("{2150E333-8FDC-42A3-9474-1A3956D46DE8}") = "3 - Domain", "3 - Domain", "{97A0B1DB-77BF-431A-B64F-AA050ECD6C19}"
EndProject
Project("{2150E333-8FDC-42A3-9474-1A3956D46DE8}") = "4 - Repository", "4 - Repository", "{16195FE0-6AE0-45AD-80CE-CA37EF391733}"
EndProject
Project("{2150E333-8FDC-42A3-9474-1A3956D46DE8}") = "5 - Test", "5 - Test", "{D3A776ED-6504-4539-BB64-57D47D47698C}"
EndProject
Project("{9A19103F-16F7-4668-BE54-9A1E7A4F7556}") = "Cms.Api", "src\Cms.Api\Cms.Api.csproj", "{A7F26512-88D8-49D9-9EE6-6A6B7FD34B3F}"
EndProject
Project("{9A19103F-16F7-4668-BE54-9A1E7A4F7556}") = "Cms.Application", "src\Cms.Application\Cms.Application.csproj", "{C0AE886D-B67E-4565-929F-DAF34D519839}"
EndProject
Project("{9A19103F-16F7-4668-BE54-9A1E7A4F7556}") = "Cms.Domain", "src\Cms.Domain\Cms.Domain.csproj", "{C4DAAD93-69D9-4034-B46D-510BA874A464}"
EndProject
Project("{9A19103F-16F7-4668-BE54-9A1E7A4F7556}") = "Cms.Test", "src\Cms.Test\Cms.Test.csproj", "{1953C5B1-E455-4F51-9C20-E12F1E182D36}"
EndProject
Project("{FAE04EC0-301F-11D3-BF4B-00C04F79EFBC}") = "Cms.Repository", "src\Cms.Repository\Cms.Repository.csproj", "{BA18DB98-F5C4-4371-8D28-DB4F3ADF39F3}"
EndProject
Global
	GlobalSection(SolutionConfigurationPlatforms) = preSolution
		Debug|Any CPU = Debug|Any CPU
		Release|Any CPU = Release|Any CPU
	EndGlobalSection
	GlobalSection(ProjectConfigurationPlatforms) = postSolution
		{A7F26512-88D8-49D9-9EE6-6A6B7FD34B3F}.Debug|Any CPU.ActiveCfg = Debug|Any CPU
		{A7F26512-88D8-49D9-9EE6-6A6B7FD34B3F}.Debug|Any CPU.Build.0 = Debug|Any CPU
		{A7F26512-88D8-49D9-9EE6-6A6B7FD34B3F}.Release|Any CPU.ActiveCfg = Release|Any CPU
		{A7F26512-88D8-49D9-9EE6-6A6B7FD34B3F}.Release|Any CPU.Build.0 = Release|Any CPU
		{C0AE886D-B67E-4565-929F-DAF34D519839}.Debug|Any CPU.ActiveCfg = Debug|Any CPU
		{C0AE886D-B67E-4565-929F-DAF34D519839}.Debug|Any CPU.Build.0 = Debug|Any CPU
		{C0AE886D-B67E-4565-929F-DAF34D519839}.Release|Any CPU.ActiveCfg = Release|Any CPU
		{C0AE886D-B67E-4565-929F-DAF34D519839}.Release|Any CPU.Build.0 = Release|Any CPU
		{C4DAAD93-69D9-4034-B46D-510BA874A464}.Debug|Any CPU.ActiveCfg = Debug|Any CPU
		{C4DAAD93-69D9-4034-B46D-510BA874A464}.Debug|Any CPU.Build.0 = Debug|Any CPU
		{C4DAAD93-69D9-4034-B46D-510BA874A464}.Release|Any CPU.ActiveCfg = Release|Any CPU
		{C4DAAD93-69D9-4034-B46D-510BA874A464}.Release|Any CPU.Build.0 = Release|Any CPU
		{1953C5B1-E455-4F51-9C20-E12F1E182D36}.Debug|Any CPU.ActiveCfg = Debug|Any CPU
		{1953C5B1-E455-4F51-9C20-E12F1E182D36}.Debug|Any CPU.Build.0 = Debug|Any CPU
		{1953C5B1-E455-4F51-9C20-E12F1E182D36}.Release|Any CPU.ActiveCfg = Release|Any CPU
		{1953C5B1-E455-4F51-9C20-E12F1E182D36}.Release|Any CPU.Build.0 = Release|Any CPU
		{BA18DB98-F5C4-4371-8D28-DB4F3ADF39F3}.Debug|Any CPU.ActiveCfg = Debug|Any CPU
		{BA18DB98-F5C4-4371-8D28-DB4F3ADF39F3}.Debug|Any CPU.Build.0 = Debug|Any CPU
		{BA18DB98-F5C4-4371-8D28-DB4F3ADF39F3}.Release|Any CPU.ActiveCfg = Release|Any CPU
		{BA18DB98-F5C4-4371-8D28-DB4F3ADF39F3}.Release|Any CPU.Build.0 = Release|Any CPU
	EndGlobalSection
	GlobalSection(SolutionProperties) = preSolution
		HideSolutionNode = FALSE
	EndGlobalSection
	GlobalSection(NestedProjects) = preSolution
		{A7F26512-88D8-49D9-9EE6-6A6B7FD34B3F} = {F0DC629E-3548-44B6-8E87-AE4131189DBD}
		{C0AE886D-B67E-4565-929F-DAF34D519839} = {16C43960-C0E2-449C-A389-13D0377D953C}
		{C4DAAD93-69D9-4034-B46D-510BA874A464} = {97A0B1DB-77BF-431A-B64F-AA050ECD6C19}
		{1953C5B1-E455-4F51-9C20-E12F1E182D36} = {D3A776ED-6504-4539-BB64-57D47D47698C}
		{BA18DB98-F5C4-4371-8D28-DB4F3ADF39F3} = {16195FE0-6AE0-45AD-80CE-CA37EF391733}
	EndGlobalSection
	GlobalSection(ExtensibilityGlobals) = postSolution
		SolutionGuid = {52D5CBF4-EBDF-4792-AAB5-5DF846DBB605}
	EndGlobalSection
EndGlobal
